
Microsoft Visual Studio Solution File, Format Version 12.00
# Visual Studio Version 17
VisualStudioVersion = 17.4.33015.44
MinimumVisualStudioVersion = 10.0.40219.1
Project("{FAE04EC0-301F-11D3-BF4B-00C04F79EFBC}") = "TodoAPI", "TodoAPI.csproj", "{771BC673-9F3A-4AA4-9717-CE2A31A44D44}"
EndProject
Global
	GlobalSection(SolutionConfigurationPlatforms) = preSolution
		Debug|Any CPU = Debug|Any CPU
		Release|Any CPU = Release|Any CPU
	EndGlobalSection
	GlobalSection(ProjectConfigurationPlatforms) = postSolution
		{771BC673-9F3A-4AA4-9717-CE2A31A44D44}.Debug|Any CPU.ActiveCfg = Debug|Any CPU
		{771BC673-9F3A-4AA4-9717-CE2A31A44D44}.Debug|Any CPU.Build.0 = Debug|Any CPU
		{771BC673-9F3A-4AA4-9717-CE2A31A44D44}.Release|Any CPU.ActiveCfg = Release|Any CPU
		{771BC673-9F3A-4AA4-9717-CE2A31A44D44}.Release|Any CPU.Build.0 = Release|Any CPU
	EndGlobalSection
	GlobalSection(SolutionProperties) = preSolution
		HideSolutionNode = FALSE
	EndGlobalSection
	GlobalSection(ExtensibilityGlobals) = postSolution
		SolutionGuid = {DB1D57B4-0FF6-419D-AF67-10B5A67CA6A6}
	EndGlobalSection
EndGlobal
